
Microsoft Visual Studio Solution File, Format Version 12.00
# Visual Studio Version 18
VisualStudioVersion = 18.0.11205.157 d18.0
MinimumVisualStudioVersion = 10.0.40219.1
Project("{FAE04EC0-301F-11D3-BF4B-00C04F79EFBC}") = "eMoody.Server", "eMoody\Server\eMoody.Server.csproj", "{29D6917B-1D09-4CE6-961F-B7746756F8CE}"
EndProject
Project("{FAE04EC0-301F-11D3-BF4B-00C04F79EFBC}") = "eMoody.Client", "eMoody\Client\eMoody.Client.csproj", "{2678928D-E977-4ADA-A656-8F685867FBAC}"
EndProject
Project("{FAE04EC0-301F-11D3-BF4B-00C04F79EFBC}") = "eMoody.Data", "eMoody\Data\eMoody.Data.csproj", "{7B56B165-16D8-A472-E06A-BE527B99694B}"
EndProject
Project("{FAE04EC0-301F-11D3-BF4B-00C04F79EFBC}") = "eMoody.Shared", "eMoody\Shared\eMoody.Shared.csproj", "{9FDB6F8D-676B-0D7D-777D-9D113D64AD9A}"
EndProject
Global
	GlobalSection(SolutionConfigurationPlatforms) = preSolution
		Debug|Any CPU = Debug|Any CPU
		Release|Any CPU = Release|Any CPU
	EndGlobalSection
	GlobalSection(ProjectConfigurationPlatforms) = postSolution
		{29D6917B-1D09-4CE6-961F-B7746756F8CE}.Debug|Any CPU.ActiveCfg = Debug|Any CPU
		{29D6917B-1D09-4CE6-961F-B7746756F8CE}.Debug|Any CPU.Build.0 = Debug|Any CPU
		{29D6917B-1D09-4CE6-961F-B7746756F8CE}.Release|Any CPU.ActiveCfg = Release|Any CPU
		{29D6917B-1D09-4CE6-961F-B7746756F8CE}.Release|Any CPU.Build.0 = Release|Any CPU
		{2678928D-E977-4ADA-A656-8F685867FBAC}.Debug|Any CPU.ActiveCfg = Debug|Any CPU
		{2678928D-E977-4ADA-A656-8F685867FBAC}.Debug|Any CPU.Build.0 = Debug|Any CPU
		{2678928D-E977-4ADA-A656-8F685867FBAC}.Release|Any CPU.ActiveCfg = Release|Any CPU
		{2678928D-E977-4ADA-A656-8F685867FBAC}.Release|Any CPU.Build.0 = Release|Any CPU
		{7B56B165-16D8-A472-E06A-BE527B99694B}.Debug|Any CPU.ActiveCfg = Debug|Any CPU
		{7B56B165-16D8-A472-E06A-BE527B99694B}.Debug|Any CPU.Build.0 = Debug|Any CPU
		{7B56B165-16D8-A472-E06A-BE527B99694B}.Release|Any CPU.ActiveCfg = Release|Any CPU
		{7B56B165-16D8-A472-E06A-BE527B99694B}.Release|Any CPU.Build.0 = Release|Any CPU
		{9FDB6F8D-676B-0D7D-777D-9D113D64AD9A}.Debug|Any CPU.ActiveCfg = Debug|Any CPU
		{9FDB6F8D-676B-0D7D-777D-9D113D64AD9A}.Debug|Any CPU.Build.0 = Debug|Any CPU
		{9FDB6F8D-676B-0D7D-777D-9D113D64AD9A}.Release|Any CPU.ActiveCfg = Release|Any CPU
		{9FDB6F8D-676B-0D7D-777D-9D113D64AD9A}.Release|Any CPU.Build.0 = Release|Any CPU
	EndGlobalSection
	GlobalSection(SolutionProperties) = preSolution
		HideSolutionNode = FALSE
	EndGlobalSection
	GlobalSection(ExtensibilityGlobals) = postSolution
		SolutionGuid = {33DABCE6-ACBB-4566-BA11-7EF9C58FA8ED}
	EndGlobalSection
EndGlobal
