
Microsoft Visual Studio Solution File, Format Version 12.00
# Visual Studio Version 17
VisualStudioVersion = 17.4.33213.308
MinimumVisualStudioVersion = 10.0.40219.1
Project("{FAE04EC0-301F-11D3-BF4B-00C04F79EFBC}") = "eMoody.Server", "eMoody\Server\eMoody.Server.csproj", "{29D6917B-1D09-4CE6-961F-B7746756F8CE}"
EndProject
Project("{FAE04EC0-301F-11D3-BF4B-00C04F79EFBC}") = "eMoody.Client", "eMoody\Client\eMoody.Client.csproj", "{2678928D-E977-4ADA-A656-8F685867FBAC}"
EndProject
Project("{9A19103F-16F7-4668-BE54-9A1E7A4F7556}") = "eMoody.DAO", "eMoody\DAO\eMoody.DAO.csproj", "{B7ED742D-899B-4CD7-A89F-30370508CAC9}"
EndProject
Project("{9A19103F-16F7-4668-BE54-9A1E7A4F7556}") = "eMoody.Infrastructure", "eMoody\Infrastructure\eMoody.Infrastructure.csproj", "{7CEAB56D-9D91-4B36-B551-052A06F1327F}"
EndProject
Project("{9A19103F-16F7-4668-BE54-9A1E7A4F7556}") = "eMoody.Config", "eMoody\Config\eMoody.Config.csproj", "{2A51BB75-C1E6-48D6-B588-E63DB9BD842A}"
EndProject
Global
	GlobalSection(SolutionConfigurationPlatforms) = preSolution
		Debug|Any CPU = Debug|Any CPU
		Release|Any CPU = Release|Any CPU
	EndGlobalSection
	GlobalSection(ProjectConfigurationPlatforms) = postSolution
		{29D6917B-1D09-4CE6-961F-B7746756F8CE}.Debug|Any CPU.ActiveCfg = Debug|Any CPU
		{29D6917B-1D09-4CE6-961F-B7746756F8CE}.Debug|Any CPU.Build.0 = Debug|Any CPU
		{29D6917B-1D09-4CE6-961F-B7746756F8CE}.Release|Any CPU.ActiveCfg = Release|Any CPU
		{29D6917B-1D09-4CE6-961F-B7746756F8CE}.Release|Any CPU.Build.0 = Release|Any CPU
		{2678928D-E977-4ADA-A656-8F685867FBAC}.Debug|Any CPU.ActiveCfg = Debug|Any CPU
		{2678928D-E977-4ADA-A656-8F685867FBAC}.Debug|Any CPU.Build.0 = Debug|Any CPU
		{2678928D-E977-4ADA-A656-8F685867FBAC}.Release|Any CPU.ActiveCfg = Release|Any CPU
		{2678928D-E977-4ADA-A656-8F685867FBAC}.Release|Any CPU.Build.0 = Release|Any CPU
		{B7ED742D-899B-4CD7-A89F-30370508CAC9}.Debug|Any CPU.ActiveCfg = Debug|Any CPU
		{B7ED742D-899B-4CD7-A89F-30370508CAC9}.Debug|Any CPU.Build.0 = Debug|Any CPU
		{B7ED742D-899B-4CD7-A89F-30370508CAC9}.Release|Any CPU.ActiveCfg = Release|Any CPU
		{B7ED742D-899B-4CD7-A89F-30370508CAC9}.Release|Any CPU.Build.0 = Release|Any CPU
		{7CEAB56D-9D91-4B36-B551-052A06F1327F}.Debug|Any CPU.ActiveCfg = Debug|Any CPU
		{7CEAB56D-9D91-4B36-B551-052A06F1327F}.Debug|Any CPU.Build.0 = Debug|Any CPU
		{7CEAB56D-9D91-4B36-B551-052A06F1327F}.Release|Any CPU.ActiveCfg = Release|Any CPU
		{7CEAB56D-9D91-4B36-B551-052A06F1327F}.Release|Any CPU.Build.0 = Release|Any CPU
		{2A51BB75-C1E6-48D6-B588-E63DB9BD842A}.Debug|Any CPU.ActiveCfg = Debug|Any CPU
		{2A51BB75-C1E6-48D6-B588-E63DB9BD842A}.Debug|Any CPU.Build.0 = Debug|Any CPU
		{2A51BB75-C1E6-48D6-B588-E63DB9BD842A}.Release|Any CPU.ActiveCfg = Release|Any CPU
		{2A51BB75-C1E6-48D6-B588-E63DB9BD842A}.Release|Any CPU.Build.0 = Release|Any CPU
	EndGlobalSection
	GlobalSection(SolutionProperties) = preSolution
		HideSolutionNode = FALSE
	EndGlobalSection
	GlobalSection(ExtensibilityGlobals) = postSolution
		SolutionGuid = {33DABCE6-ACBB-4566-BA11-7EF9C58FA8ED}
	EndGlobalSection
EndGlobal
